<?xml version="1.0" encoding="utf-8"?>
<Project ToolsVersion="4.0" xmlns="http://schemas.microsoft.com/developer/msbuild/2003">
  <ItemGroup>
    <Filter Include="Source Files">
      <UniqueIdentifier>{4FC737F1-C7A5-4376-A066-2A32D752A2FF}</UniqueIdentifier>
      <Extensions>cpp;c;cc;cxx;def;odl;idl;hpj;bat;asm;asmx</Extensions>
    </Filter>
    <Filter Include="Header Files">
      <UniqueIdentifier>{93995380-89BD-4b04-88EB-625FBE52EBFB}</UniqueIdentifier>
      <Extensions>h;hpp;hxx;hm;inl;inc;xsd</Extensions>
    </Filter>
    <Filter Include="Resource Files">
      <UniqueIdentifier>{67DA6AB6-F800-4c08-8B7A-83BB121AAD01}</UniqueIdentifier>
      <Extensions>rc;ico;cur;bmp;dlg;rc2;rct;bin;rgs;gif;jpg;jpeg;jpe;resx;tiff;tif;png;wav;mfcribbon-ms</Extensions>
    </Filter>
    <Filter Include="Header Files\AST">
      <UniqueIdentifier>{cc2a2a4e-72d5-4137-b52f-2a32f9f19720}</UniqueIdentifier>
    </Filter>
    <Filter Include="Source Files\AST">
      <UniqueIdentifier>{f72b8b4c-edfd-427f-a770-9b160be7b93e}</UniqueIdentifier>
    </Filter>
    <Filter Include="Header Files\AST\PQL">
      <UniqueIdentifier>{20f3657e-4acf-4ef0-81f4-445c8e3c98ca}</UniqueIdentifier>
    </Filter>
    <Filter Include="Source Files\AST\PQL">
      <UniqueIdentifier>{1b1cf103-4aca-4369-85a7-b5c5b38efe60}</UniqueIdentifier>
    </Filter>
    <Filter Include="Source Files\AST\SIMPLE">
      <UniqueIdentifier>{727a7548-dc7e-498f-8331-3376dba0fcf5}</UniqueIdentifier>
    </Filter>
    <Filter Include="Header Files\AST\SIMPLE">
      <UniqueIdentifier>{800e177a-36b2-4d3b-9fac-aed857518af8}</UniqueIdentifier>
    </Filter>
    <Filter Include="Header Files\AST\Expression">
      <UniqueIdentifier>{68c6a78a-c88c-412d-b83b-dc4fd4603b35}</UniqueIdentifier>
    </Filter>
    <Filter Include="Source Files\AST\Expression">
      <UniqueIdentifier>{7b17ea32-2b65-4325-a548-318775ba92bb}</UniqueIdentifier>
    </Filter>
  </ItemGroup>
  <ItemGroup>
    <ClCompile Include="..\source\Database.cpp">
      <Filter>Source Files</Filter>
    </ClCompile>
    <ClCompile Include="..\source\SourceProcessor.cpp">
      <Filter>Source Files</Filter>
    </ClCompile>
    <ClCompile Include="..\source\QueryProcessor.cpp">
      <Filter>Source Files</Filter>
    </ClCompile>
    <ClCompile Include="..\source\Tokenizer.cpp">
      <Filter>Source Files</Filter>
    </ClCompile>
    <ClCompile Include="..\source\sqlite3.c">
      <Filter>Source Files</Filter>
    </ClCompile>
    <ClCompile Include="..\source\AST\ASTNode.cpp">
      <Filter>Source Files\AST</Filter>
    </ClCompile>
    <ClCompile Include="..\source\AST\PQL\Declaration.cpp">
      <Filter>Source Files\AST\PQL</Filter>
    </ClCompile>
    <ClCompile Include="..\source\AST\PQL\FilterClause.cpp">
      <Filter>Source Files\AST\PQL</Filter>
    </ClCompile>
    <ClCompile Include="..\source\AST\PQL\PatternClause.cpp">
      <Filter>Source Files\AST\PQL</Filter>
    </ClCompile>
    <ClCompile Include="..\source\AST\PQL\SelectClause.cpp">
      <Filter>Source Files\AST\PQL</Filter>
    </ClCompile>
    <ClCompile Include="..\source\AST\PQL\SuchThatClause.cpp">
      <Filter>Source Files\AST\PQL</Filter>
    </ClCompile>
    <ClCompile Include="..\source\PQLParser.cpp">
      <Filter>Source Files</Filter>
    </ClCompile>
    <ClCompile Include="..\source\PQL2SQLTransformer.cpp">
      <Filter>Source Files</Filter>
    </ClCompile>
    <ClCompile Include="..\source\AST\SIMPLE\Program.cpp">
      <Filter>Source Files\AST\SIMPLE</Filter>
    </ClCompile>
    <ClCompile Include="..\source\AST\SIMPLE\StatementNode.cpp">
      <Filter>Source Files\AST\SIMPLE</Filter>
    </ClCompile>
    <ClCompile Include="..\source\AST\Expression\BinaryExpression.cpp">
      <Filter>Source Files\AST\Expression</Filter>
    </ClCompile>
    <ClCompile Include="..\source\AST\Expression\BinaryTerm.cpp">
      <Filter>Source Files\AST\Expression</Filter>
    </ClCompile>
    <ClCompile Include="..\source\AST\Expression\ConstFactor.cpp">
      <Filter>Source Files\AST\Expression</Filter>
    </ClCompile>
    <ClCompile Include="..\source\AST\Expression\Expression.cpp">
      <Filter>Source Files\AST\Expression</Filter>
    </ClCompile>
    <ClCompile Include="..\source\AST\Expression\ExpressionFactor.cpp">
      <Filter>Source Files\AST\Expression</Filter>
    </ClCompile>
    <ClCompile Include="..\source\AST\Expression\ExpressionNode.cpp">
      <Filter>Source Files\AST\Expression</Filter>
    </ClCompile>
    <ClCompile Include="..\source\AST\Expression\Factor.cpp">
      <Filter>Source Files\AST\Expression</Filter>
    </ClCompile>
    <ClCompile Include="..\source\AST\Expression\Term.cpp">
      <Filter>Source Files\AST\Expression</Filter>
    </ClCompile>
    <ClCompile Include="..\source\AST\Expression\VariableFactor.cpp">
      <Filter>Source Files\AST\Expression</Filter>
    </ClCompile>
    <ClCompile Include="..\source\ExpressionParser.cpp">
      <Filter>Source Files</Filter>
    </ClCompile>
    <ClCompile Include="..\source\AST\SIMPLE\ReadNode.cpp">
      <Filter>Source Files\AST\SIMPLE</Filter>
    </ClCompile>
    <ClCompile Include="..\source\AST\SIMPLE\PrintNode.cpp">
      <Filter>Source Files\AST\SIMPLE</Filter>
    </ClCompile>
    <ClCompile Include="..\source\AST\SIMPLE\WhileNode.cpp">
      <Filter>Source Files\AST\SIMPLE</Filter>
    </ClCompile>
    <ClCompile Include="..\source\AST\SIMPLE\IfNode.cpp">
      <Filter>Source Files\AST\SIMPLE</Filter>
    </ClCompile>
    <ClCompile Include="..\source\AST\SIMPLE\CallNode.cpp">
      <Filter>Source Files\AST\SIMPLE</Filter>
    </ClCompile>
    <ClCompile Include="..\source\AST\SIMPLE\AssignNode.cpp">
      <Filter>Source Files\AST\SIMPLE</Filter>
    </ClCompile>
    <ClCompile Include="..\source\AST\SIMPLE\ConExpNode.cpp">
      <Filter>Source Files\AST\SIMPLE</Filter>
    </ClCompile>
    <ClCompile Include="..\source\ProgramParser.cpp">
      <Filter>Source Files</Filter>
    </ClCompile>
    <ClCompile Include="..\source\AST\SIMPLE\ProcedureNode.cpp">
      <Filter>Source Files\AST\SIMPLE</Filter>
    </ClCompile>
  </ItemGroup>
  <ItemGroup>
    <ClInclude Include="..\source\Database.h">
      <Filter>Header Files</Filter>
    </ClInclude>
    <ClInclude Include="..\source\SourceProcessor.h">
      <Filter>Header Files</Filter>
    </ClInclude>
    <ClInclude Include="..\source\QueryProcessor.h">
      <Filter>Header Files</Filter>
    </ClInclude>
    <ClInclude Include="..\source\Tokenizer.h">
      <Filter>Header Files</Filter>
    </ClInclude>
    <ClInclude Include="..\source\sqlite3.h">
      <Filter>Header Files</Filter>
    </ClInclude>
    <ClInclude Include="..\source\SQLiteWrapper.h">
      <Filter>Header Files</Filter>
    </ClInclude>
    <ClInclude Include="..\source\SQLiteWrapper.hpp">
      <Filter>Header Files</Filter>
    </ClInclude>
    <ClInclude Include="..\source\AST\ASTNode.h">
      <Filter>Header Files\AST</Filter>
    </ClInclude>
    <ClInclude Include="..\source\AST\PQL\Declaration.h">
      <Filter>Header Files\AST\PQL</Filter>
    </ClInclude>
    <ClInclude Include="..\source\AST\PQL\PatternClause.h">
      <Filter>Header Files\AST\PQL</Filter>
    </ClInclude>
    <ClInclude Include="..\source\AST\PQL\FilterClause.h">
      <Filter>Header Files\AST\PQL</Filter>
    </ClInclude>
    <ClInclude Include="..\source\AST\PQL\SuchThatClause.h">
      <Filter>Header Files\AST\PQL</Filter>
    </ClInclude>
    <ClInclude Include="..\source\AST\PQL\SelectClause.h">
      <Filter>Header Files\AST\PQL</Filter>
    </ClInclude>
    <ClInclude Include="..\source\PQLParser.h">
      <Filter>Header Files</Filter>
    </ClInclude>
    <ClInclude Include="..\source\PQL2SQLTransformer.h">
      <Filter>Header Files</Filter>
    </ClInclude>
    <ClInclude Include="..\source\AST\SIMPLE\Program.h">
      <Filter>Header Files\AST\SIMPLE</Filter>
    </ClInclude>
    <ClInclude Include="..\source\AST\SIMPLE\StatementNode.h">
      <Filter>Header Files\AST\SIMPLE</Filter>
    </ClInclude>
    <ClInclude Include="..\source\AST\Expression\BinaryExpression.h">
      <Filter>Header Files\AST\Expression</Filter>
    </ClInclude>
    <ClInclude Include="..\source\AST\Expression\BinaryTerm.h">
      <Filter>Header Files\AST\Expression</Filter>
    </ClInclude>
    <ClInclude Include="..\source\AST\Expression\ConstFactor.h">
      <Filter>Header Files\AST\Expression</Filter>
    </ClInclude>
    <ClInclude Include="..\source\AST\Expression\Expression.h">
      <Filter>Header Files\AST\Expression</Filter>
    </ClInclude>
    <ClInclude Include="..\source\AST\Expression\ExpressionFactor.h">
      <Filter>Header Files\AST\Expression</Filter>
    </ClInclude>
    <ClInclude Include="..\source\AST\Expression\ExpressionNode.h">
      <Filter>Header Files\AST\Expression</Filter>
    </ClInclude>
    <ClInclude Include="..\source\AST\Expression\Factor.h">
      <Filter>Header Files\AST\Expression</Filter>
    </ClInclude>
    <ClInclude Include="..\source\AST\Expression\Term.h">
      <Filter>Header Files\AST\Expression</Filter>
    </ClInclude>
    <ClInclude Include="..\source\AST\Expression\VariableFactor.h">
      <Filter>Header Files\AST\Expression</Filter>
    </ClInclude>
    <ClInclude Include="..\source\ExpressionParser.h">
      <Filter>Header Files</Filter>
    </ClInclude>
    <ClInclude Include="..\source\AST\SIMPLE\ReadNode.h">
      <Filter>Header Files\AST\SIMPLE</Filter>
    </ClInclude>
    <ClInclude Include="..\source\AST\SIMPLE\PrintNode.h">
      <Filter>Header Files\AST\SIMPLE</Filter>
    </ClInclude>
    <ClInclude Include="..\source\AST\SIMPLE\WhileNode.h">
      <Filter>Header Files\AST\SIMPLE</Filter>
    </ClInclude>
    <ClInclude Include="..\source\AST\SIMPLE\IfNode.h">
      <Filter>Header Files\AST\SIMPLE</Filter>
    </ClInclude>
    <ClInclude Include="..\source\AST\SIMPLE\CallNode.h">
      <Filter>Header Files\AST\SIMPLE</Filter>
    </ClInclude>
    <ClInclude Include="..\source\AST\SIMPLE\AssignNode.h">
      <Filter>Header Files\AST\SIMPLE</Filter>
    </ClInclude>
    <ClInclude Include="..\source\AST\SIMPLE\ConExpNode.h">
      <Filter>Header Files\AST\SIMPLE</Filter>
    </ClInclude>
    <ClInclude Include="..\source\ProgramParser.h">
      <Filter>Header Files</Filter>
    </ClInclude>
    <ClInclude Include="..\source\AST\SIMPLE\ProcedureNode.h">
      <Filter>Header Files\AST\SIMPLE</Filter>
    </ClInclude>
  </ItemGroup>
</Project>
